
Microsoft Visual Studio Solution File, Format Version 12.00
# Visual Studio Version 16
VisualStudioVersion = 16.0.31205.134
MinimumVisualStudioVersion = 10.0.40219.1
Project("{9A19103F-16F7-4668-BE54-9A1E7A4F7556}") = "OnlineShopping.API", "OnlineShopping.API\OnlineShopping.API.csproj", "{71C426AB-F9FC-423C-B166-B0A684989C05}"
EndProject
Project("{9A19103F-16F7-4668-BE54-9A1E7A4F7556}") = "OnlineShopping.Model", "OnlineShopping.Model\OnlineShopping.Model.csproj", "{136503BF-2A41-4656-B1C8-50E61494E0DD}"
EndProject
Project("{9A19103F-16F7-4668-BE54-9A1E7A4F7556}") = "OnlineShopping.Dal", "OnlineShopping.Dal\OnlineShopping.Dal.csproj", "{14CF6693-89B0-4D64-BFF2-DF1F4555954C}"
EndProject
Project("{9A19103F-16F7-4668-BE54-9A1E7A4F7556}") = "OnlineShopping.IDal", "OnlineShopping.IDal\OnlineShopping.IDal.csproj", "{4F79D952-9508-42A7-A55B-C6CD7420EF64}"
EndProject
Project("{9A19103F-16F7-4668-BE54-9A1E7A4F7556}") = "Common", "Common\Common.csproj", "{D3144A5D-A018-4F5B-92F4-A3EB0CB5A7C5}"
EndProject
Global
	GlobalSection(SolutionConfigurationPlatforms) = preSolution
		Debug|Any CPU = Debug|Any CPU
		Release|Any CPU = Release|Any CPU
	EndGlobalSection
	GlobalSection(ProjectConfigurationPlatforms) = postSolution
		{71C426AB-F9FC-423C-B166-B0A684989C05}.Debug|Any CPU.ActiveCfg = Debug|Any CPU
		{71C426AB-F9FC-423C-B166-B0A684989C05}.Debug|Any CPU.Build.0 = Debug|Any CPU
		{71C426AB-F9FC-423C-B166-B0A684989C05}.Release|Any CPU.ActiveCfg = Release|Any CPU
		{71C426AB-F9FC-423C-B166-B0A684989C05}.Release|Any CPU.Build.0 = Release|Any CPU
		{136503BF-2A41-4656-B1C8-50E61494E0DD}.Debug|Any CPU.ActiveCfg = Debug|Any CPU
		{136503BF-2A41-4656-B1C8-50E61494E0DD}.Debug|Any CPU.Build.0 = Debug|Any CPU
		{136503BF-2A41-4656-B1C8-50E61494E0DD}.Release|Any CPU.ActiveCfg = Release|Any CPU
		{136503BF-2A41-4656-B1C8-50E61494E0DD}.Release|Any CPU.Build.0 = Release|Any CPU
		{14CF6693-89B0-4D64-BFF2-DF1F4555954C}.Debug|Any CPU.ActiveCfg = Debug|Any CPU
		{14CF6693-89B0-4D64-BFF2-DF1F4555954C}.Debug|Any CPU.Build.0 = Debug|Any CPU
		{14CF6693-89B0-4D64-BFF2-DF1F4555954C}.Release|Any CPU.ActiveCfg = Release|Any CPU
		{14CF6693-89B0-4D64-BFF2-DF1F4555954C}.Release|Any CPU.Build.0 = Release|Any CPU
		{4F79D952-9508-42A7-A55B-C6CD7420EF64}.Debug|Any CPU.ActiveCfg = Debug|Any CPU
		{4F79D952-9508-42A7-A55B-C6CD7420EF64}.Debug|Any CPU.Build.0 = Debug|Any CPU
		{4F79D952-9508-42A7-A55B-C6CD7420EF64}.Release|Any CPU.ActiveCfg = Release|Any CPU
		{4F79D952-9508-42A7-A55B-C6CD7420EF64}.Release|Any CPU.Build.0 = Release|Any CPU
		{D3144A5D-A018-4F5B-92F4-A3EB0CB5A7C5}.Debug|Any CPU.ActiveCfg = Debug|Any CPU
		{D3144A5D-A018-4F5B-92F4-A3EB0CB5A7C5}.Debug|Any CPU.Build.0 = Debug|Any CPU
		{D3144A5D-A018-4F5B-92F4-A3EB0CB5A7C5}.Release|Any CPU.ActiveCfg = Release|Any CPU
		{D3144A5D-A018-4F5B-92F4-A3EB0CB5A7C5}.Release|Any CPU.Build.0 = Release|Any CPU
	EndGlobalSection
	GlobalSection(SolutionProperties) = preSolution
		HideSolutionNode = FALSE
	EndGlobalSection
	GlobalSection(ExtensibilityGlobals) = postSolution
		SolutionGuid = {9E0FB34A-63F1-4748-ACB7-509226A53E5D}
	EndGlobalSection
EndGlobal
